
Microsoft Visual Studio Solution File, Format Version 12.00
# Visual Studio Version 17
VisualStudioVersion = 17.7.34221.43
MinimumVisualStudioVersion = 10.0.40219.1
Project("{8BC9CEB8-8B4A-11D0-8D11-00A0C91BC942}") = "lthdt31", "lthdt31\lthdt31.vcxproj", "{F22AD39B-B920-4868-BC98-5CE19F55B736}"
EndProject
Global
	GlobalSection(SolutionConfigurationPlatforms) = preSolution
		Debug|x64 = Debug|x64
		Debug|x86 = Debug|x86
		Release|x64 = Release|x64
		Release|x86 = Release|x86
	EndGlobalSection
	GlobalSection(ProjectConfigurationPlatforms) = postSolution
		{F22AD39B-B920-4868-BC98-5CE19F55B736}.Debug|x64.ActiveCfg = Debug|x64
		{F22AD39B-B920-4868-BC98-5CE19F55B736}.Debug|x64.Build.0 = Debug|x64
		{F22AD39B-B920-4868-BC98-5CE19F55B736}.Debug|x86.ActiveCfg = Debug|Win32
		{F22AD39B-B920-4868-BC98-5CE19F55B736}.Debug|x86.Build.0 = Debug|Win32
		{F22AD39B-B920-4868-BC98-5CE19F55B736}.Release|x64.ActiveCfg = Release|x64
		{F22AD39B-B920-4868-BC98-5CE19F55B736}.Release|x64.Build.0 = Release|x64
		{F22AD39B-B920-4868-BC98-5CE19F55B736}.Release|x86.ActiveCfg = Release|Win32
		{F22AD39B-B920-4868-BC98-5CE19F55B736}.Release|x86.Build.0 = Release|Win32
	EndGlobalSection
	GlobalSection(SolutionProperties) = preSolution
		HideSolutionNode = FALSE
	EndGlobalSection
	GlobalSection(ExtensibilityGlobals) = postSolution
		SolutionGuid = {6EC75D0C-B260-47DC-AD07-1BA5388C87B8}
	EndGlobalSection
EndGlobal
