
Microsoft Visual Studio Solution File, Format Version 12.00
# Visual Studio Version 17
VisualStudioVersion = 17.7.34221.43
MinimumVisualStudioVersion = 10.0.40219.1
Project("{8BC9CEB8-8B4A-11D0-8D11-00A0C91BC942}") = "lthdt-maulop1", "lthdt-maulop1\lthdt-maulop1.vcxproj", "{BE633108-DBC8-443D-AC05-04E58671815D}"
EndProject
Global
	GlobalSection(SolutionConfigurationPlatforms) = preSolution
		Debug|x64 = Debug|x64
		Debug|x86 = Debug|x86
		Release|x64 = Release|x64
		Release|x86 = Release|x86
	EndGlobalSection
	GlobalSection(ProjectConfigurationPlatforms) = postSolution
		{BE633108-DBC8-443D-AC05-04E58671815D}.Debug|x64.ActiveCfg = Debug|x64
		{BE633108-DBC8-443D-AC05-04E58671815D}.Debug|x64.Build.0 = Debug|x64
		{BE633108-DBC8-443D-AC05-04E58671815D}.Debug|x86.ActiveCfg = Debug|Win32
		{BE633108-DBC8-443D-AC05-04E58671815D}.Debug|x86.Build.0 = Debug|Win32
		{BE633108-DBC8-443D-AC05-04E58671815D}.Release|x64.ActiveCfg = Release|x64
		{BE633108-DBC8-443D-AC05-04E58671815D}.Release|x64.Build.0 = Release|x64
		{BE633108-DBC8-443D-AC05-04E58671815D}.Release|x86.ActiveCfg = Release|Win32
		{BE633108-DBC8-443D-AC05-04E58671815D}.Release|x86.Build.0 = Release|Win32
	EndGlobalSection
	GlobalSection(SolutionProperties) = preSolution
		HideSolutionNode = FALSE
	EndGlobalSection
	GlobalSection(ExtensibilityGlobals) = postSolution
		SolutionGuid = {164D4FC7-811C-4265-8CF6-1B15999394AC}
	EndGlobalSection
EndGlobal
