
Microsoft Visual Studio Solution File, Format Version 12.00
# Visual Studio Version 17
VisualStudioVersion = 17.7.34221.43
MinimumVisualStudioVersion = 10.0.40219.1
Project("{8BC9CEB8-8B4A-11D0-8D11-00A0C91BC942}") = "lthdtbai01", "lthdtbai01\lthdtbai01.vcxproj", "{759465A1-9EBE-4F8C-8D28-218DF41EF3E4}"
EndProject
Global
	GlobalSection(SolutionConfigurationPlatforms) = preSolution
		Debug|x64 = Debug|x64
		Debug|x86 = Debug|x86
		Release|x64 = Release|x64
		Release|x86 = Release|x86
	EndGlobalSection
	GlobalSection(ProjectConfigurationPlatforms) = postSolution
		{759465A1-9EBE-4F8C-8D28-218DF41EF3E4}.Debug|x64.ActiveCfg = Debug|x64
		{759465A1-9EBE-4F8C-8D28-218DF41EF3E4}.Debug|x64.Build.0 = Debug|x64
		{759465A1-9EBE-4F8C-8D28-218DF41EF3E4}.Debug|x86.ActiveCfg = Debug|Win32
		{759465A1-9EBE-4F8C-8D28-218DF41EF3E4}.Debug|x86.Build.0 = Debug|Win32
		{759465A1-9EBE-4F8C-8D28-218DF41EF3E4}.Release|x64.ActiveCfg = Release|x64
		{759465A1-9EBE-4F8C-8D28-218DF41EF3E4}.Release|x64.Build.0 = Release|x64
		{759465A1-9EBE-4F8C-8D28-218DF41EF3E4}.Release|x86.ActiveCfg = Release|Win32
		{759465A1-9EBE-4F8C-8D28-218DF41EF3E4}.Release|x86.Build.0 = Release|Win32
	EndGlobalSection
	GlobalSection(SolutionProperties) = preSolution
		HideSolutionNode = FALSE
	EndGlobalSection
	GlobalSection(ExtensibilityGlobals) = postSolution
		SolutionGuid = {69275D19-0BE4-4255-8278-E922C8D4601F}
	EndGlobalSection
EndGlobal
